
Microsoft Visual Studio Solution File, Format Version 12.00
# Visual Studio Version 17
VisualStudioVersion = 17.0.31903.59
MinimumVisualStudioVersion = 10.0.40219.1
Project("{2150E333-8FDC-42A3-9474-1A3956D46DE8}") = "services", "services", "{5854FF58-B8C5-05C6-5BF2-ACE42193F22B}"
EndProject
Project("{2150E333-8FDC-42A3-9474-1A3956D46DE8}") = "catalog", "catalog", "{944ACC7E-4FFC-A2A2-09E1-98A62C66F8DB}"
EndProject
Project("{FAE04EC0-301F-11D3-BF4B-00C04F79EFBC}") = "CatalogService", "services\catalog\CatalogService\CatalogService.csproj", "{C18A4449-BF46-4669-89D7-D4E5EFD0FD8C}"
EndProject
Project("{2150E333-8FDC-42A3-9474-1A3956D46DE8}") = "ordering", "ordering", "{3BAACA43-EC64-C367-9FAA-9C38067293A8}"
EndProject
Project("{FAE04EC0-301F-11D3-BF4B-00C04F79EFBC}") = "OrderingService", "services\ordering\OrderingService\OrderingService.csproj", "{505994B7-1B0B-4136-A8E5-AA2077799F18}"
EndProject
Project("{2150E333-8FDC-42A3-9474-1A3956D46DE8}") = "gateway", "gateway", "{E7BDDBC6-9FD1-D1D7-ACD8-2C4F8E3D2461}"
EndProject
Project("{FAE04EC0-301F-11D3-BF4B-00C04F79EFBC}") = "ApiGateway", "gateway\ApiGateway\ApiGateway.csproj", "{18E4C539-26ED-4818-8D24-3AFEA5C59E7F}"
EndProject
Global
	GlobalSection(SolutionConfigurationPlatforms) = preSolution
		Debug|Any CPU = Debug|Any CPU
		Debug|x64 = Debug|x64
		Debug|x86 = Debug|x86
		Release|Any CPU = Release|Any CPU
		Release|x64 = Release|x64
		Release|x86 = Release|x86
	EndGlobalSection
	GlobalSection(ProjectConfigurationPlatforms) = postSolution
		{C18A4449-BF46-4669-89D7-D4E5EFD0FD8C}.Debug|Any CPU.ActiveCfg = Debug|Any CPU
		{C18A4449-BF46-4669-89D7-D4E5EFD0FD8C}.Debug|Any CPU.Build.0 = Debug|Any CPU
		{C18A4449-BF46-4669-89D7-D4E5EFD0FD8C}.Debug|x64.ActiveCfg = Debug|Any CPU
		{C18A4449-BF46-4669-89D7-D4E5EFD0FD8C}.Debug|x64.Build.0 = Debug|Any CPU
		{C18A4449-BF46-4669-89D7-D4E5EFD0FD8C}.Debug|x86.ActiveCfg = Debug|Any CPU
		{C18A4449-BF46-4669-89D7-D4E5EFD0FD8C}.Debug|x86.Build.0 = Debug|Any CPU
		{C18A4449-BF46-4669-89D7-D4E5EFD0FD8C}.Release|Any CPU.ActiveCfg = Release|Any CPU
		{C18A4449-BF46-4669-89D7-D4E5EFD0FD8C}.Release|Any CPU.Build.0 = Release|Any CPU
		{C18A4449-BF46-4669-89D7-D4E5EFD0FD8C}.Release|x64.ActiveCfg = Release|Any CPU
		{C18A4449-BF46-4669-89D7-D4E5EFD0FD8C}.Release|x64.Build.0 = Release|Any CPU
		{C18A4449-BF46-4669-89D7-D4E5EFD0FD8C}.Release|x86.ActiveCfg = Release|Any CPU
		{C18A4449-BF46-4669-89D7-D4E5EFD0FD8C}.Release|x86.Build.0 = Release|Any CPU
		{505994B7-1B0B-4136-A8E5-AA2077799F18}.Debug|Any CPU.ActiveCfg = Debug|Any CPU
		{505994B7-1B0B-4136-A8E5-AA2077799F18}.Debug|Any CPU.Build.0 = Debug|Any CPU
		{505994B7-1B0B-4136-A8E5-AA2077799F18}.Debug|x64.ActiveCfg = Debug|Any CPU
		{505994B7-1B0B-4136-A8E5-AA2077799F18}.Debug|x64.Build.0 = Debug|Any CPU
		{505994B7-1B0B-4136-A8E5-AA2077799F18}.Debug|x86.ActiveCfg = Debug|Any CPU
		{505994B7-1B0B-4136-A8E5-AA2077799F18}.Debug|x86.Build.0 = Debug|Any CPU
		{505994B7-1B0B-4136-A8E5-AA2077799F18}.Release|Any CPU.ActiveCfg = Release|Any CPU
		{505994B7-1B0B-4136-A8E5-AA2077799F18}.Release|Any CPU.Build.0 = Release|Any CPU
		{505994B7-1B0B-4136-A8E5-AA2077799F18}.Release|x64.ActiveCfg = Release|Any CPU
		{505994B7-1B0B-4136-A8E5-AA2077799F18}.Release|x64.Build.0 = Release|Any CPU
		{505994B7-1B0B-4136-A8E5-AA2077799F18}.Release|x86.ActiveCfg = Release|Any CPU
		{505994B7-1B0B-4136-A8E5-AA2077799F18}.Release|x86.Build.0 = Release|Any CPU
		{18E4C539-26ED-4818-8D24-3AFEA5C59E7F}.Debug|Any CPU.ActiveCfg = Debug|Any CPU
		{18E4C539-26ED-4818-8D24-3AFEA5C59E7F}.Debug|Any CPU.Build.0 = Debug|Any CPU
		{18E4C539-26ED-4818-8D24-3AFEA5C59E7F}.Debug|x64.ActiveCfg = Debug|Any CPU
		{18E4C539-26ED-4818-8D24-3AFEA5C59E7F}.Debug|x64.Build.0 = Debug|Any CPU
		{18E4C539-26ED-4818-8D24-3AFEA5C59E7F}.Debug|x86.ActiveCfg = Debug|Any CPU
		{18E4C539-26ED-4818-8D24-3AFEA5C59E7F}.Debug|x86.Build.0 = Debug|Any CPU
		{18E4C539-26ED-4818-8D24-3AFEA5C59E7F}.Release|Any CPU.ActiveCfg = Release|Any CPU
		{18E4C539-26ED-4818-8D24-3AFEA5C59E7F}.Release|Any CPU.Build.0 = Release|Any CPU
		{18E4C539-26ED-4818-8D24-3AFEA5C59E7F}.Release|x64.ActiveCfg = Release|Any CPU
		{18E4C539-26ED-4818-8D24-3AFEA5C59E7F}.Release|x64.Build.0 = Release|Any CPU
		{18E4C539-26ED-4818-8D24-3AFEA5C59E7F}.Release|x86.ActiveCfg = Release|Any CPU
		{18E4C539-26ED-4818-8D24-3AFEA5C59E7F}.Release|x86.Build.0 = Release|Any CPU
	EndGlobalSection
	GlobalSection(SolutionProperties) = preSolution
		HideSolutionNode = FALSE
	EndGlobalSection
	GlobalSection(NestedProjects) = preSolution
		{944ACC7E-4FFC-A2A2-09E1-98A62C66F8DB} = {5854FF58-B8C5-05C6-5BF2-ACE42193F22B}
		{C18A4449-BF46-4669-89D7-D4E5EFD0FD8C} = {944ACC7E-4FFC-A2A2-09E1-98A62C66F8DB}
		{3BAACA43-EC64-C367-9FAA-9C38067293A8} = {5854FF58-B8C5-05C6-5BF2-ACE42193F22B}
		{505994B7-1B0B-4136-A8E5-AA2077799F18} = {3BAACA43-EC64-C367-9FAA-9C38067293A8}
		{18E4C539-26ED-4818-8D24-3AFEA5C59E7F} = {E7BDDBC6-9FD1-D1D7-ACD8-2C4F8E3D2461}
	EndGlobalSection
EndGlobal
