
Microsoft Visual Studio Solution File, Format Version 12.00
# Visual Studio Version 17
VisualStudioVersion = 17.0.31903.59
MinimumVisualStudioVersion = 10.0.40219.1
Project("{2150E333-8FDC-42A3-9474-1A3956D46DE8}") = "services", "services", "{5854FF58-B8C5-05C6-5BF2-ACE42193F22B}"
EndProject
Project("{2150E333-8FDC-42A3-9474-1A3956D46DE8}") = "ordering", "ordering", "{3BAACA43-EC64-C367-9FAA-9C38067293A8}"
EndProject
Project("{FAE04EC0-301F-11D3-BF4B-00C04F79EFBC}") = "OrderingService", "services\ordering\OrderingService\OrderingService.csproj", "{E51CB115-80D9-40EE-B585-49371CBF2759}"
EndProject
Project("{2150E333-8FDC-42A3-9474-1A3956D46DE8}") = "gateways", "gateways", "{C3A202AD-EADD-4864-49DF-ED20E2971546}"
EndProject
Project("{2150E333-8FDC-42A3-9474-1A3956D46DE8}") = "api-gateway", "api-gateway", "{82425714-37D6-1447-474A-5544FA8A3713}"
EndProject
Project("{FAE04EC0-301F-11D3-BF4B-00C04F79EFBC}") = "ApiGateway", "gateways\api-gateway\ApiGateway\ApiGateway.csproj", "{3BD54F2B-0E2D-4036-91EE-98528841EDAE}"
EndProject
Global
	GlobalSection(SolutionConfigurationPlatforms) = preSolution
		Debug|Any CPU = Debug|Any CPU
		Debug|x64 = Debug|x64
		Debug|x86 = Debug|x86
		Release|Any CPU = Release|Any CPU
		Release|x64 = Release|x64
		Release|x86 = Release|x86
	EndGlobalSection
	GlobalSection(ProjectConfigurationPlatforms) = postSolution
		{E51CB115-80D9-40EE-B585-49371CBF2759}.Debug|Any CPU.ActiveCfg = Debug|Any CPU
		{E51CB115-80D9-40EE-B585-49371CBF2759}.Debug|Any CPU.Build.0 = Debug|Any CPU
		{E51CB115-80D9-40EE-B585-49371CBF2759}.Debug|x64.ActiveCfg = Debug|Any CPU
		{E51CB115-80D9-40EE-B585-49371CBF2759}.Debug|x64.Build.0 = Debug|Any CPU
		{E51CB115-80D9-40EE-B585-49371CBF2759}.Debug|x86.ActiveCfg = Debug|Any CPU
		{E51CB115-80D9-40EE-B585-49371CBF2759}.Debug|x86.Build.0 = Debug|Any CPU
		{E51CB115-80D9-40EE-B585-49371CBF2759}.Release|Any CPU.ActiveCfg = Release|Any CPU
		{E51CB115-80D9-40EE-B585-49371CBF2759}.Release|Any CPU.Build.0 = Release|Any CPU
		{E51CB115-80D9-40EE-B585-49371CBF2759}.Release|x64.ActiveCfg = Release|Any CPU
		{E51CB115-80D9-40EE-B585-49371CBF2759}.Release|x64.Build.0 = Release|Any CPU
		{E51CB115-80D9-40EE-B585-49371CBF2759}.Release|x86.ActiveCfg = Release|Any CPU
		{E51CB115-80D9-40EE-B585-49371CBF2759}.Release|x86.Build.0 = Release|Any CPU
		{3BD54F2B-0E2D-4036-91EE-98528841EDAE}.Debug|Any CPU.ActiveCfg = Debug|Any CPU
		{3BD54F2B-0E2D-4036-91EE-98528841EDAE}.Debug|Any CPU.Build.0 = Debug|Any CPU
		{3BD54F2B-0E2D-4036-91EE-98528841EDAE}.Debug|x64.ActiveCfg = Debug|Any CPU
		{3BD54F2B-0E2D-4036-91EE-98528841EDAE}.Debug|x64.Build.0 = Debug|Any CPU
		{3BD54F2B-0E2D-4036-91EE-98528841EDAE}.Debug|x86.ActiveCfg = Debug|Any CPU
		{3BD54F2B-0E2D-4036-91EE-98528841EDAE}.Debug|x86.Build.0 = Debug|Any CPU
		{3BD54F2B-0E2D-4036-91EE-98528841EDAE}.Release|Any CPU.ActiveCfg = Release|Any CPU
		{3BD54F2B-0E2D-4036-91EE-98528841EDAE}.Release|Any CPU.Build.0 = Release|Any CPU
		{3BD54F2B-0E2D-4036-91EE-98528841EDAE}.Release|x64.ActiveCfg = Release|Any CPU
		{3BD54F2B-0E2D-4036-91EE-98528841EDAE}.Release|x64.Build.0 = Release|Any CPU
		{3BD54F2B-0E2D-4036-91EE-98528841EDAE}.Release|x86.ActiveCfg = Release|Any CPU
		{3BD54F2B-0E2D-4036-91EE-98528841EDAE}.Release|x86.Build.0 = Release|Any CPU
	EndGlobalSection
	GlobalSection(SolutionProperties) = preSolution
		HideSolutionNode = FALSE
	EndGlobalSection
	GlobalSection(NestedProjects) = preSolution
		{3BAACA43-EC64-C367-9FAA-9C38067293A8} = {5854FF58-B8C5-05C6-5BF2-ACE42193F22B}
		{E51CB115-80D9-40EE-B585-49371CBF2759} = {3BAACA43-EC64-C367-9FAA-9C38067293A8}
		{82425714-37D6-1447-474A-5544FA8A3713} = {C3A202AD-EADD-4864-49DF-ED20E2971546}
		{3BD54F2B-0E2D-4036-91EE-98528841EDAE} = {82425714-37D6-1447-474A-5544FA8A3713}
	EndGlobalSection
EndGlobal
